Microsoft Visual Studio Solution File, Format Version 12.00
# Visual Studio Version 17
VisualStudioVersion = 17.5.2.0
MinimumVisualStudioVersion = 10.0.40219.1
Project("{FAE04EC0-301F-11D3-BF4B-00C04F79EFBC}") = "InsightsApi", "InsightsApi.csproj", "{3DBDE084-57EA-93B3-36AC-2FA56F7D7C4B}"
EndProject
Global
	GlobalSection(SolutionConfigurationPlatforms) = preSolution
		Debug|Any CPU = Debug|Any CPU
		Release|Any CPU = Release|Any CPU
	EndGlobalSection
	GlobalSection(ProjectConfigurationPlatforms) = postSolution
		{3DBDE084-57EA-93B3-36AC-2FA56F7D7C4B}.Debug|Any CPU.ActiveCfg = Debug|Any CPU
		{3DBDE084-57EA-93B3-36AC-2FA56F7D7C4B}.Debug|Any CPU.Build.0 = Debug|Any CPU
		{3DBDE084-57EA-93B3-36AC-2FA56F7D7C4B}.Release|Any CPU.ActiveCfg = Release|Any CPU
		{3DBDE084-57EA-93B3-36AC-2FA56F7D7C4B}.Release|Any CPU.Build.0 = Release|Any CPU
	EndGlobalSection
	GlobalSection(SolutionProperties) = preSolution
		HideSolutionNode = FALSE
	EndGlobalSection
	GlobalSection(ExtensibilityGlobals) = postSolution
		SolutionGuid = {F964917D-37E6-4E43-95F2-748F3194C669}
	EndGlobalSection
EndGlobal
